
Microsoft Visual Studio Solution File, Format Version 12.00
# Visual Studio Version 17
VisualStudioVersion = 17.6.33829.357
MinimumVisualStudioVersion = 10.0.40219.1
Project("{FAE04EC0-301F-11D3-BF4B-00C04F79EFBC}") = "starting", "starting.csproj", "{A7124CF0-5AA7-4D6B-A3AC-497A9A073331}"
EndProject
Global
	GlobalSection(SolutionConfigurationPlatforms) = preSolution
		Debug|Any CPU = Debug|Any CPU
		Release|Any CPU = Release|Any CPU
	EndGlobalSection
	GlobalSection(ProjectConfigurationPlatforms) = postSolution
		{A7124CF0-5AA7-4D6B-A3AC-497A9A073331}.Debug|Any CPU.ActiveCfg = Debug|Any CPU
		{A7124CF0-5AA7-4D6B-A3AC-497A9A073331}.Debug|Any CPU.Build.0 = Debug|Any CPU
		{A7124CF0-5AA7-4D6B-A3AC-497A9A073331}.Release|Any CPU.ActiveCfg = Release|Any CPU
		{A7124CF0-5AA7-4D6B-A3AC-497A9A073331}.Release|Any CPU.Build.0 = Release|Any CPU
	EndGlobalSection
	GlobalSection(SolutionProperties) = preSolution
		HideSolutionNode = FALSE
	EndGlobalSection
	GlobalSection(ExtensibilityGlobals) = postSolution
		SolutionGuid = {5E794B11-6B10-45E3-9AB4-BD71AC8F5C1A}
	EndGlobalSection
EndGlobal
